// !$*UTF8*$!
{
	archiveVersion = 1;
	classes = {
	};
	objectVersion = 56;
	objects = {

/* Begin PBXBuildFile section */
		B40458DB2A4F57EE004950C5 /* AppCoordinatorViewModel.swift in Sources */ = {isa = PBXBuildFile; fileRef = B40458DA2A4F57EE004950C5 /* AppCoordinatorViewModel.swift */; };
		B40458DD2A4F5B9E004950C5 /* AppModel.swift in Sources */ = {isa = PBXBuildFile; fileRef = B40458DC2A4F5B9E004950C5 /* AppModel.swift */; };
		B40771D82A4F89CC0013161F /* SearchCoordinator.swift in Sources */ = {isa = PBXBuildFile; fileRef = B40771D72A4F89CC0013161F /* SearchCoordinator.swift */; };
		B40771DC2A4F8A340013161F /* AccountCoordinator.swift in Sources */ = {isa = PBXBuildFile; fileRef = B40771DB2A4F8A340013161F /* AccountCoordinator.swift */; };
		B40C68062A4F50FA00F9C26A /* MainDishCoordinator.swift in Sources */ = {isa = PBXBuildFile; fileRef = B40C68052A4F50FA00F9C26A /* MainDishCoordinator.swift */; };
		B40C68082A4F510700F9C26A /* MainDishView.swift in Sources */ = {isa = PBXBuildFile; fileRef = B40C68072A4F510700F9C26A /* MainDishView.swift */; };
		B40C680A2A4F511400F9C26A /* MainDishViewModel.swift in Sources */ = {isa = PBXBuildFile; fileRef = B40C68092A4F511400F9C26A /* MainDishViewModel.swift */; };
		B44093622A4DCE16001475A4 /* FoodProjectApp.swift in Sources */ = {isa = PBXBuildFile; fileRef = B44093612A4DCE16001475A4 /* FoodProjectApp.swift */; };
		B44093662A4DCE17001475A4 /* Assets.xcassets in Resources */ = {isa = PBXBuildFile; fileRef = B44093652A4DCE17001475A4 /* Assets.xcassets */; };
		B44093692A4DCE17001475A4 /* Preview Assets.xcassets in Resources */ = {isa = PBXBuildFile; fileRef = B44093682A4DCE17001475A4 /* Preview Assets.xcassets */; };
		B4A01A872A4DF26100243F7C /* AppCoordinator.swift in Sources */ = {isa = PBXBuildFile; fileRef = B4A01A862A4DF26100243F7C /* AppCoordinator.swift */; };
		B4A01A8E2A4DFE3300243F7C /* MainCategoryView.swift in Sources */ = {isa = PBXBuildFile; fileRef = B4A01A8D2A4DFE3300243F7C /* MainCategoryView.swift */; };
		B4A01A902A4DFE4100243F7C /* MainCategoryViewModel.swift in Sources */ = {isa = PBXBuildFile; fileRef = B4A01A8F2A4DFE4100243F7C /* MainCategoryViewModel.swift */; };
		B4A01A922A4DFE5300243F7C /* MainCategoryCoordinator.swift in Sources */ = {isa = PBXBuildFile; fileRef = B4A01A912A4DFE5300243F7C /* MainCategoryCoordinator.swift */; };
		B4A01A952A4DFFB400243F7C /* CartCoordinator.swift in Sources */ = {isa = PBXBuildFile; fileRef = B4A01A942A4DFFB400243F7C /* CartCoordinator.swift */; };
		B4A01A982A4E02AD00243F7C /* AppCoordinatorView.swift in Sources */ = {isa = PBXBuildFile; fileRef = B4A01A972A4E02AD00243F7C /* AppCoordinatorView.swift */; };
		B4A01A9B2A4E0DD300243F7C /* DishModel.swift in Sources */ = {isa = PBXBuildFile; fileRef = B4A01A9A2A4E0DD300243F7C /* DishModel.swift */; };
		B4A01A9D2A4E0ED200243F7C /* CategoryModel.swift in Sources */ = {isa = PBXBuildFile; fileRef = B4A01A9C2A4E0ED200243F7C /* CategoryModel.swift */; };
/* End PBXBuildFile section */

/* Begin PBXFileReference section */
		B40458DA2A4F57EE004950C5 /* AppCoordinatorViewModel.swift */ = {isa = PBXFileReference; lastKnownFileType = sourcecode.swift; path = AppCoordinatorViewModel.swift; sourceTree = "<group>"; };
		B40458DC2A4F5B9E004950C5 /* AppModel.swift */ = {isa = PBXFileReference; lastKnownFileType = sourcecode.swift; path = AppModel.swift; sourceTree = "<group>"; };
		B40771D72A4F89CC0013161F /* SearchCoordinator.swift */ = {isa = PBXFileReference; lastKnownFileType = sourcecode.swift; path = SearchCoordinator.swift; sourceTree = "<group>"; };
		B40771DB2A4F8A340013161F /* AccountCoordinator.swift */ = {isa = PBXFileReference; lastKnownFileType = sourcecode.swift; path = AccountCoordinator.swift; sourceTree = "<group>"; };
		B40C68052A4F50FA00F9C26A /* MainDishCoordinator.swift */ = {isa = PBXFileReference; lastKnownFileType = sourcecode.swift; path = MainDishCoordinator.swift; sourceTree = "<group>"; };
		B40C68072A4F510700F9C26A /* MainDishView.swift */ = {isa = PBXFileReference; lastKnownFileType = sourcecode.swift; path = MainDishView.swift; sourceTree = "<group>"; };
		B40C68092A4F511400F9C26A /* MainDishViewModel.swift */ = {isa = PBXFileReference; lastKnownFileType = sourcecode.swift; path = MainDishViewModel.swift; sourceTree = "<group>"; };
		B440935E2A4DCE16001475A4 /* FoodProject.app */ = {isa = PBXFileReference; explicitFileType = wrapper.application; includeInIndex = 0; path = FoodProject.app; sourceTree = BUILT_PRODUCTS_DIR; };
		B44093612A4DCE16001475A4 /* FoodProjectApp.swift */ = {isa = PBXFileReference; lastKnownFileType = sourcecode.swift; path = FoodProjectApp.swift; sourceTree = "<group>"; };
		B44093652A4DCE17001475A4 /* Assets.xcassets */ = {isa = PBXFileReference; lastKnownFileType = folder.assetcatalog; path = Assets.xcassets; sourceTree = "<group>"; };
		B44093682A4DCE17001475A4 /* Preview Assets.xcassets */ = {isa = PBXFileReference; lastKnownFileType = folder.assetcatalog; path = "Preview Assets.xcassets"; sourceTree = "<group>"; };
		B4A01A862A4DF26100243F7C /* AppCoordinator.swift */ = {isa = PBXFileReference; lastKnownFileType = sourcecode.swift; path = AppCoordinator.swift; sourceTree = "<group>"; };
		B4A01A8D2A4DFE3300243F7C /* MainCategoryView.swift */ = {isa = PBXFileReference; lastKnownFileType = sourcecode.swift; path = MainCategoryView.swift; sourceTree = "<group>"; };
		B4A01A8F2A4DFE4100243F7C /* MainCategoryViewModel.swift */ = {isa = PBXFileReference; lastKnownFileType = sourcecode.swift; path = MainCategoryViewModel.swift; sourceTree = "<group>"; };
		B4A01A912A4DFE5300243F7C /* MainCategoryCoordinator.swift */ = {isa = PBXFileReference; lastKnownFileType = sourcecode.swift; path = MainCategoryCoordinator.swift; sourceTree = "<group>"; };
		B4A01A942A4DFFB400243F7C /* CartCoordinator.swift */ = {isa = PBXFileReference; lastKnownFileType = sourcecode.swift; path = CartCoordinator.swift; sourceTree = "<group>"; };
		B4A01A972A4E02AD00243F7C /* AppCoordinatorView.swift */ = {isa = PBXFileReference; lastKnownFileType = sourcecode.swift; path = AppCoordinatorView.swift; sourceTree = "<group>"; };
		B4A01A9A2A4E0DD300243F7C /* DishModel.swift */ = {isa = PBXFileReference; lastKnownFileType = sourcecode.swift; path = DishModel.swift; sourceTree = "<group>"; };
		B4A01A9C2A4E0ED200243F7C /* CategoryModel.swift */ = {isa = PBXFileReference; lastKnownFileType = sourcecode.swift; path = CategoryModel.swift; sourceTree = "<group>"; };
/* End PBXFileReference section */

/* Begin PBXFrameworksBuildPhase section */
		B440935B2A4DCE16001475A4 /* Frameworks */ = {
			isa = PBXFrameworksBuildPhase;
			buildActionMask = 2147483647;
			files = (
			);
			runOnlyForDeploymentPostprocessing = 0;
		};
/* End PBXFrameworksBuildPhase section */

/* Begin PBXGroup section */
		B40771D92A4F89D10013161F /* SearchScene */ = {
			isa = PBXGroup;
			children = (
				B40771D72A4F89CC0013161F /* SearchCoordinator.swift */,
			);
			path = SearchScene;
			sourceTree = "<group>";
		};
		B40771DA2A4F8A130013161F /* AccountScene */ = {
			isa = PBXGroup;
			children = (
				B40771DB2A4F8A340013161F /* AccountCoordinator.swift */,
			);
			path = AccountScene;
			sourceTree = "<group>";
		};
		B40C68042A4F4FD600F9C26A /* MainDishScene */ = {
			isa = PBXGroup;
			children = (
				B40C68072A4F510700F9C26A /* MainDishView.swift */,
				B40C68092A4F511400F9C26A /* MainDishViewModel.swift */,
				B40C68052A4F50FA00F9C26A /* MainDishCoordinator.swift */,
			);
			path = MainDishScene;
			sourceTree = "<group>";
		};
		B44093552A4DCE16001475A4 = {
			isa = PBXGroup;
			children = (
				B44093602A4DCE16001475A4 /* FoodProject */,
				B440935F2A4DCE16001475A4 /* Products */,
			);
			sourceTree = "<group>";
		};
		B440935F2A4DCE16001475A4 /* Products */ = {
			isa = PBXGroup;
			children = (
				B440935E2A4DCE16001475A4 /* FoodProject.app */,
			);
			name = Products;
			sourceTree = "<group>";
		};
		B44093602A4DCE16001475A4 /* FoodProject */ = {
			isa = PBXGroup;
			children = (
				B4A01A992A4E0DB900243F7C /* Models */,
				B4A01A832A4DF17600243F7C /* AppCoordinator */,
				B4A01A8C2A4DFE2100243F7C /* MainCategoryScene */,
				B40C68042A4F4FD600F9C26A /* MainDishScene */,
				B44093612A4DCE16001475A4 /* FoodProjectApp.swift */,
				B4A01A932A4DFFA000243F7C /* CartScene */,
				B40771D92A4F89D10013161F /* SearchScene */,
				B40771DA2A4F8A130013161F /* AccountScene */,
				B44093652A4DCE17001475A4 /* Assets.xcassets */,
				B44093672A4DCE17001475A4 /* Preview Content */,
			);
			path = FoodProject;
			sourceTree = "<group>";
		};
		B44093672A4DCE17001475A4 /* Preview Content */ = {
			isa = PBXGroup;
			children = (
				B44093682A4DCE17001475A4 /* Preview Assets.xcassets */,
			);
			path = "Preview Content";
			sourceTree = "<group>";
		};
		B4A01A832A4DF17600243F7C /* AppCoordinator */ = {
			isa = PBXGroup;
			children = (
				B4A01A972A4E02AD00243F7C /* AppCoordinatorView.swift */,
				B40458DA2A4F57EE004950C5 /* AppCoordinatorViewModel.swift */,
				B4A01A862A4DF26100243F7C /* AppCoordinator.swift */,
				B40458DC2A4F5B9E004950C5 /* AppModel.swift */,
			);
			path = AppCoordinator;
			sourceTree = "<group>";
		};
		B4A01A8C2A4DFE2100243F7C /* MainCategoryScene */ = {
			isa = PBXGroup;
			children = (
				B4A01A8D2A4DFE3300243F7C /* MainCategoryView.swift */,
				B4A01A8F2A4DFE4100243F7C /* MainCategoryViewModel.swift */,
				B4A01A912A4DFE5300243F7C /* MainCategoryCoordinator.swift */,
			);
			path = MainCategoryScene;
			sourceTree = "<group>";
		};
		B4A01A932A4DFFA000243F7C /* CartScene */ = {
			isa = PBXGroup;
			children = (
				B4A01A942A4DFFB400243F7C /* CartCoordinator.swift */,
			);
			path = CartScene;
			sourceTree = "<group>";
		};
		B4A01A992A4E0DB900243F7C /* Models */ = {
			isa = PBXGroup;
			children = (
				B4A01A9A2A4E0DD300243F7C /* DishModel.swift */,
				B4A01A9C2A4E0ED200243F7C /* CategoryModel.swift */,
			);
			path = Models;
			sourceTree = "<group>";
		};
/* End PBXGroup section */

/* Begin PBXNativeTarget section */
		B440935D2A4DCE16001475A4 /* FoodProject */ = {
			isa = PBXNativeTarget;
			buildConfigurationList = B440936C2A4DCE17001475A4 /* Build configuration list for PBXNativeTarget "FoodProject" */;
			buildPhases = (
				B440935A2A4DCE16001475A4 /* Sources */,
				B440935B2A4DCE16001475A4 /* Frameworks */,
				B440935C2A4DCE16001475A4 /* Resources */,
			);
			buildRules = (
			);
			dependencies = (
			);
			name = FoodProject;
			productName = FoodProject;
			productReference = B440935E2A4DCE16001475A4 /* FoodProject.app */;
			productType = "com.apple.product-type.application";
		};
/* End PBXNativeTarget section */

/* Begin PBXProject section */
		B44093562A4DCE16001475A4 /* Project object */ = {
			isa = PBXProject;
			attributes = {
				BuildIndependentTargetsInParallel = 1;
				LastSwiftUpdateCheck = 1430;
				LastUpgradeCheck = 1430;
				TargetAttributes = {
					B440935D2A4DCE16001475A4 = {
						CreatedOnToolsVersion = 14.3.1;
					};
				};
			};
			buildConfigurationList = B44093592A4DCE16001475A4 /* Build configuration list for PBXProject "FoodProject" */;
			compatibilityVersion = "Xcode 14.0";
			developmentRegion = en;
			hasScannedForEncodings = 0;
			knownRegions = (
				en,
				Base,
			);
			mainGroup = B44093552A4DCE16001475A4;
			productRefGroup = B440935F2A4DCE16001475A4 /* Products */;
			projectDirPath = "";
			projectRoot = "";
			targets = (
				B440935D2A4DCE16001475A4 /* FoodProject */,
			);
		};
/* End PBXProject section */

/* Begin PBXResourcesBuildPhase section */
		B440935C2A4DCE16001475A4 /* Resources */ = {
			isa = PBXResourcesBuildPhase;
			buildActionMask = 2147483647;
			files = (
				B44093692A4DCE17001475A4 /* Preview Assets.xcassets in Resources */,
				B44093662A4DCE17001475A4 /* Assets.xcassets in Resources */,
			);
			runOnlyForDeploymentPostprocessing = 0;
		};
/* End PBXResourcesBuildPhase section */

/* Begin PBXSourcesBuildPhase section */
		B440935A2A4DCE16001475A4 /* Sources */ = {
			isa = PBXSourcesBuildPhase;
			buildActionMask = 2147483647;
			files = (
				B4A01A902A4DFE4100243F7C /* MainCategoryViewModel.swift in Sources */,
				B40771D82A4F89CC0013161F /* SearchCoordinator.swift in Sources */,
				B40C68062A4F50FA00F9C26A /* MainDishCoordinator.swift in Sources */,
				B4A01A922A4DFE5300243F7C /* MainCategoryCoordinator.swift in Sources */,
				B40771DC2A4F8A340013161F /* AccountCoordinator.swift in Sources */,
				B40C680A2A4F511400F9C26A /* MainDishViewModel.swift in Sources */,
				B4A01A8E2A4DFE3300243F7C /* MainCategoryView.swift in Sources */,
				B4A01A9B2A4E0DD300243F7C /* DishModel.swift in Sources */,
				B44093622A4DCE16001475A4 /* FoodProjectApp.swift in Sources */,
				B40458DD2A4F5B9E004950C5 /* AppModel.swift in Sources */,
				B4A01A872A4DF26100243F7C /* AppCoordinator.swift in Sources */,
				B40458DB2A4F57EE004950C5 /* AppCoordinatorViewModel.swift in Sources */,
				B4A01A952A4DFFB400243F7C /* CartCoordinator.swift in Sources */,
				B4A01A9D2A4E0ED200243F7C /* CategoryModel.swift in Sources */,
				B4A01A982A4E02AD00243F7C /* AppCoordinatorView.swift in Sources */,
				B40C68082A4F510700F9C26A /* MainDishView.swift in Sources */,
			);
			runOnlyForDeploymentPostprocessing = 0;
		};
/* End PBXSourcesBuildPhase section */

/* Begin XCBuildConfiguration section */
		B440936A2A4DCE17001475A4 /* Debug */ = {
			isa = XCBuildConfiguration;
			buildSettings = {
				ALWAYS_SEARCH_USER_PATHS = NO;
				CLANG_ANALYZER_NONNULL = YES;
				CLANG_ANALYZER_NUMBER_OBJECT_CONVERSION = YES_AGGRESSIVE;
				CLANG_CXX_LANGUAGE_STANDARD = "gnu++20";
				CLANG_ENABLE_MODULES = YES;
				CLANG_ENABLE_OBJC_ARC = YES;
				CLANG_ENABLE_OBJC_WEAK = YES;
				CLANG_WARN_BLOCK_CAPTURE_AUTORELEASING = YES;
				CLANG_WARN_BOOL_CONVERSION = YES;
				CLANG_WARN_COMMA = YES;
				CLANG_WARN_CONSTANT_CONVERSION = YES;
				CLANG_WARN_DEPRECATED_OBJC_IMPLEMENTATIONS = YES;
				CLANG_WARN_DIRECT_OBJC_ISA_USAGE = YES_ERROR;
				CLANG_WARN_DOCUMENTATION_COMMENTS = YES;
				CLANG_WARN_EMPTY_BODY = YES;
				CLANG_WARN_ENUM_CONVERSION = YES;
				CLANG_WARN_INFINITE_RECURSION = YES;
				CLANG_WARN_INT_CONVERSION = YES;
				CLANG_WARN_NON_LITERAL_NULL_CONVERSION = YES;
				CLANG_WARN_OBJC_IMPLICIT_RETAIN_SELF = YES;
				CLANG_WARN_OBJC_LITERAL_CONVERSION = YES;
				CLANG_WARN_OBJC_ROOT_CLASS = YES_ERROR;
				CLANG_WARN_QUOTED_INCLUDE_IN_FRAMEWORK_HEADER = YES;
				CLANG_WARN_RANGE_LOOP_ANALYSIS = YES;
				CLANG_WARN_STRICT_PROTOTYPES = YES;
				CLANG_WARN_SUSPICIOUS_MOVE = YES;
				CLANG_WARN_UNGUARDED_AVAILABILITY = YES_AGGRESSIVE;
				CLANG_WARN_UNREACHABLE_CODE = YES;
				CLANG_WARN__DUPLICATE_METHOD_MATCH = YES;
				COPY_PHASE_STRIP = NO;
				DEBUG_INFORMATION_FORMAT = dwarf;
				ENABLE_STRICT_OBJC_MSGSEND = YES;
				ENABLE_TESTABILITY = YES;
				GCC_C_LANGUAGE_STANDARD = gnu11;
				GCC_DYNAMIC_NO_PIC = NO;
				GCC_NO_COMMON_BLOCKS = YES;
				GCC_OPTIMIZATION_LEVEL = 0;
				GCC_PREPROCESSOR_DEFINITIONS = (
					"DEBUG=1",
					"$(inherited)",
				);
				GCC_WARN_64_TO_32_BIT_CONVERSION = YES;
				GCC_WARN_ABOUT_RETURN_TYPE = YES_ERROR;
				GCC_WARN_UNDECLARED_SELECTOR = YES;
				GCC_WARN_UNINITIALIZED_AUTOS = YES_AGGRESSIVE;
				GCC_WARN_UNUSED_FUNCTION = YES;
				GCC_WARN_UNUSED_VARIABLE = YES;
				IPHONEOS_DEPLOYMENT_TARGET = 16.4;
				MTL_ENABLE_DEBUG_INFO = INCLUDE_SOURCE;
				MTL_FAST_MATH = YES;
				ONLY_ACTIVE_ARCH = YES;
				SDKROOT = iphoneos;
				SWIFT_ACTIVE_COMPILATION_CONDITIONS = DEBUG;
				SWIFT_OPTIMIZATION_LEVEL = "-Onone";
			};
			name = Debug;
		};
		B440936B2A4DCE17001475A4 /* Release */ = {
			isa = XCBuildConfiguration;
			buildSettings = {
				ALWAYS_SEARCH_USER_PATHS = NO;
				CLANG_ANALYZER_NONNULL = YES;
				CLANG_ANALYZER_NUMBER_OBJECT_CONVERSION = YES_AGGRESSIVE;
				CLANG_CXX_LANGUAGE_STANDARD = "gnu++20";
				CLANG_ENABLE_MODULES = YES;
				CLANG_ENABLE_OBJC_ARC = YES;
				CLANG_ENABLE_OBJC_WEAK = YES;
				CLANG_WARN_BLOCK_CAPTURE_AUTORELEASING = YES;
				CLANG_WARN_BOOL_CONVERSION = YES;
				CLANG_WARN_COMMA = YES;
				CLANG_WARN_CONSTANT_CONVERSION = YES;
				CLANG_WARN_DEPRECATED_OBJC_IMPLEMENTATIONS = YES;
				CLANG_WARN_DIRECT_OBJC_ISA_USAGE = YES_ERROR;
				CLANG_WARN_DOCUMENTATION_COMMENTS = YES;
				CLANG_WARN_EMPTY_BODY = YES;
				CLANG_WARN_ENUM_CONVERSION = YES;
				CLANG_WARN_INFINITE_RECURSION = YES;
				CLANG_WARN_INT_CONVERSION = YES;
				CLANG_WARN_NON_LITERAL_NULL_CONVERSION = YES;
				CLANG_WARN_OBJC_IMPLICIT_RETAIN_SELF = YES;
				CLANG_WARN_OBJC_LITERAL_CONVERSION = YES;
				CLANG_WARN_OBJC_ROOT_CLASS = YES_ERROR;
				CLANG_WARN_QUOTED_INCLUDE_IN_FRAMEWORK_HEADER = YES;
				CLANG_WARN_RANGE_LOOP_ANALYSIS = YES;
				CLANG_WARN_STRICT_PROTOTYPES = YES;
				CLANG_WARN_SUSPICIOUS_MOVE = YES;
				CLANG_WARN_UNGUARDED_AVAILABILITY = YES_AGGRESSIVE;
				CLANG_WARN_UNREACHABLE_CODE = YES;
				CLANG_WARN__DUPLICATE_METHOD_MATCH = YES;
				COPY_PHASE_STRIP = NO;
				DEBUG_INFORMATION_FORMAT = "dwarf-with-dsym";
				ENABLE_NS_ASSERTIONS = NO;
				ENABLE_STRICT_OBJC_MSGSEND = YES;
				GCC_C_LANGUAGE_STANDARD = gnu11;
				GCC_NO_COMMON_BLOCKS = YES;
				GCC_WARN_64_TO_32_BIT_CONVERSION = YES;
				GCC_WARN_ABOUT_RETURN_TYPE = YES_ERROR;
				GCC_WARN_UNDECLARED_SELECTOR = YES;
				GCC_WARN_UNINITIALIZED_AUTOS = YES_AGGRESSIVE;
				GCC_WARN_UNUSED_FUNCTION = YES;
				GCC_WARN_UNUSED_VARIABLE = YES;
				IPHONEOS_DEPLOYMENT_TARGET = 16.4;
				MTL_ENABLE_DEBUG_INFO = NO;
				MTL_FAST_MATH = YES;
				SDKROOT = iphoneos;
				SWIFT_COMPILATION_MODE = wholemodule;
				SWIFT_OPTIMIZATION_LEVEL = "-O";
				VALIDATE_PRODUCT = YES;
			};
			name = Release;
		};
		B440936D2A4DCE17001475A4 /* Debug */ = {
			isa = XCBuildConfiguration;
			buildSettings = {
				ASSETCATALOG_COMPILER_APPICON_NAME = AppIcon;
				ASSETCATALOG_COMPILER_GLOBAL_ACCENT_COLOR_NAME = AccentColor;
				CODE_SIGN_STYLE = Automatic;
				CURRENT_PROJECT_VERSION = 1;
				DEVELOPMENT_ASSET_PATHS = "\"FoodProject/Preview Content\"";
				DEVELOPMENT_TEAM = 8ZZ48UWX6P;
				ENABLE_PREVIEWS = YES;
				GENERATE_INFOPLIST_FILE = YES;
				INFOPLIST_KEY_UIApplicationSceneManifest_Generation = YES;
				INFOPLIST_KEY_UIApplicationSupportsIndirectInputEvents = YES;
				INFOPLIST_KEY_UILaunchScreen_Generation = YES;
				INFOPLIST_KEY_UISupportedInterfaceOrientations_iPad = "UIInterfaceOrientationPortrait UIInterfaceOrientationPortraitUpsideDown UIInterfaceOrientationLandscapeLeft UIInterfaceOrientationLandscapeRight";
				INFOPLIST_KEY_UISupportedInterfaceOrientations_iPhone = "UIInterfaceOrientationPortrait UIInterfaceOrientationLandscapeLeft UIInterfaceOrientationLandscapeRight";
				LD_RUNPATH_SEARCH_PATHS = (
					"$(inherited)",
					"@executable_path/Frameworks",
				);
				MARKETING_VERSION = 1.0;
				PRODUCT_BUNDLE_IDENTIFIER = baozorp.FoodProject;
				PRODUCT_NAME = "$(TARGET_NAME)";
				SWIFT_EMIT_LOC_STRINGS = YES;
				SWIFT_VERSION = 5.0;
				TARGETED_DEVICE_FAMILY = "1,2";
			};
			name = Debug;
		};
		B440936E2A4DCE17001475A4 /* Release */ = {
			isa = XCBuildConfiguration;
			buildSettings = {
				ASSETCATALOG_COMPILER_APPICON_NAME = AppIcon;
				ASSETCATALOG_COMPILER_GLOBAL_ACCENT_COLOR_NAME = AccentColor;
				CODE_SIGN_STYLE = Automatic;
				CURRENT_PROJECT_VERSION = 1;
				DEVELOPMENT_ASSET_PATHS = "\"FoodProject/Preview Content\"";
				DEVELOPMENT_TEAM = 8ZZ48UWX6P;
				ENABLE_PREVIEWS = YES;
				GENERATE_INFOPLIST_FILE = YES;
				INFOPLIST_KEY_UIApplicationSceneManifest_Generation = YES;
				INFOPLIST_KEY_UIApplicationSupportsIndirectInputEvents = YES;
				INFOPLIST_KEY_UILaunchScreen_Generation = YES;
				INFOPLIST_KEY_UISupportedInterfaceOrientations_iPad = "UIInterfaceOrientationPortrait UIInterfaceOrientationPortraitUpsideDown UIInterfaceOrientationLandscapeLeft UIInterfaceOrientationLandscapeRight";
				INFOPLIST_KEY_UISupportedInterfaceOrientations_iPhone = "UIInterfaceOrientationPortrait UIInterfaceOrientationLandscapeLeft UIInterfaceOrientationLandscapeRight";
				LD_RUNPATH_SEARCH_PATHS = (
					"$(inherited)",
					"@executable_path/Frameworks",
				);
				MARKETING_VERSION = 1.0;
				PRODUCT_BUNDLE_IDENTIFIER = baozorp.FoodProject;
				PRODUCT_NAME = "$(TARGET_NAME)";
				SWIFT_EMIT_LOC_STRINGS = YES;
				SWIFT_VERSION = 5.0;
				TARGETED_DEVICE_FAMILY = "1,2";
			};
			name = Release;
		};
/* End XCBuildConfiguration section */

/* Begin XCConfigurationList section */
		B44093592A4DCE16001475A4 /* Build configuration list for PBXProject "FoodProject" */ = {
			isa = XCConfigurationList;
			buildConfigurations = (
				B440936A2A4DCE17001475A4 /* Debug */,
				B440936B2A4DCE17001475A4 /* Release */,
			);
			defaultConfigurationIsVisible = 0;
			defaultConfigurationName = Release;
		};
		B440936C2A4DCE17001475A4 /* Build configuration list for PBXNativeTarget "FoodProject" */ = {
			isa = XCConfigurationList;
			buildConfigurations = (
				B440936D2A4DCE17001475A4 /* Debug */,
				B440936E2A4DCE17001475A4 /* Release */,
			);
			defaultConfigurationIsVisible = 0;
			defaultConfigurationName = Release;
		};
/* End XCConfigurationList section */
	};
	rootObject = B44093562A4DCE16001475A4 /* Project object */;
}
